
Microsoft Visual Studio Solution File, Format Version 12.00
# Visual Studio 15
VisualStudioVersion = 15.0.26228.4
MinimumVisualStudioVersion = 10.0.40219.1
Project("{8BC9CEB8-8B4A-11D0-8D11-00A0C91BC942}") = "ConfOSK", "ConfOSK\ConfOSK.vcxproj", "{ADBB14E1-C53D-42FC-954A-805D6A9BF275}"
EndProject
Project("{FAE04EC0-301F-11D3-BF4B-00C04F79EFBC}") = "ConfOSKSharp", "ConfOSKSharp\ConfOSKSharp.csproj", "{96B3E1B9-537F-4FE6-8865-226F7ACA8D3E}"
EndProject
Global
	GlobalSection(SolutionConfigurationPlatforms) = preSolution
		Debug|Any CPU = Debug|Any CPU
		Debug|x64 = Debug|x64
		Debug|x86 = Debug|x86
		Release|Any CPU = Release|Any CPU
		Release|x64 = Release|x64
		Release|x86 = Release|x86
	EndGlobalSection
	GlobalSection(ProjectConfigurationPlatforms) = postSolution
		{ADBB14E1-C53D-42FC-954A-805D6A9BF275}.Debug|Any CPU.ActiveCfg = Debug|Win32
		{ADBB14E1-C53D-42FC-954A-805D6A9BF275}.Debug|x64.ActiveCfg = Debug|x64
		{ADBB14E1-C53D-42FC-954A-805D6A9BF275}.Debug|x64.Build.0 = Debug|x64
		{ADBB14E1-C53D-42FC-954A-805D6A9BF275}.Debug|x86.ActiveCfg = Debug|Win32
		{ADBB14E1-C53D-42FC-954A-805D6A9BF275}.Debug|x86.Build.0 = Debug|Win32
		{ADBB14E1-C53D-42FC-954A-805D6A9BF275}.Release|Any CPU.ActiveCfg = Release|Win32
		{ADBB14E1-C53D-42FC-954A-805D6A9BF275}.Release|x64.ActiveCfg = Release|x64
		{ADBB14E1-C53D-42FC-954A-805D6A9BF275}.Release|x64.Build.0 = Release|x64
		{ADBB14E1-C53D-42FC-954A-805D6A9BF275}.Release|x86.ActiveCfg = Release|Win32
		{ADBB14E1-C53D-42FC-954A-805D6A9BF275}.Release|x86.Build.0 = Release|Win32
		{96B3E1B9-537F-4FE6-8865-226F7ACA8D3E}.Debug|Any CPU.ActiveCfg = Debug|Any CPU
		{96B3E1B9-537F-4FE6-8865-226F7ACA8D3E}.Debug|Any CPU.Build.0 = Debug|Any CPU
		{96B3E1B9-537F-4FE6-8865-226F7ACA8D3E}.Debug|x64.ActiveCfg = Debug|Any CPU
		{96B3E1B9-537F-4FE6-8865-226F7ACA8D3E}.Debug|x64.Build.0 = Debug|Any CPU
		{96B3E1B9-537F-4FE6-8865-226F7ACA8D3E}.Debug|x86.ActiveCfg = Debug|Any CPU
		{96B3E1B9-537F-4FE6-8865-226F7ACA8D3E}.Debug|x86.Build.0 = Debug|Any CPU
		{96B3E1B9-537F-4FE6-8865-226F7ACA8D3E}.Release|Any CPU.ActiveCfg = Release|Any CPU
		{96B3E1B9-537F-4FE6-8865-226F7ACA8D3E}.Release|Any CPU.Build.0 = Release|Any CPU
		{96B3E1B9-537F-4FE6-8865-226F7ACA8D3E}.Release|x64.ActiveCfg = Release|Any CPU
		{96B3E1B9-537F-4FE6-8865-226F7ACA8D3E}.Release|x64.Build.0 = Release|Any CPU
		{96B3E1B9-537F-4FE6-8865-226F7ACA8D3E}.Release|x86.ActiveCfg = Release|Any CPU
		{96B3E1B9-537F-4FE6-8865-226F7ACA8D3E}.Release|x86.Build.0 = Release|Any CPU
	EndGlobalSection
	GlobalSection(SolutionProperties) = preSolution
		HideSolutionNode = FALSE
	EndGlobalSection
EndGlobal
